
Microsoft Visual Studio Solution File, Format Version 12.00
# Visual Studio Version 17
VisualStudioVersion = 17.13.35913.81
MinimumVisualStudioVersion = 10.0.40219.1
Project("{FAE04EC0-301F-11D3-BF4B-00C04F79EFBC}") = "ECommerce.API", "ECommerce.API.csproj", "{DA892B79-B095-4B7C-B7F7-E189FBB7AA1C}"
EndProject
Project("{FAE04EC0-301F-11D3-BF4B-00C04F79EFBC}") = "ECommerce.BLL", "..\ECommerce.BLL\ECommerce.BLL.csproj", "{34CDEE31-79E3-0614-BEF5-43DFEDEDB032}"
EndProject
Project("{FAE04EC0-301F-11D3-BF4B-00C04F79EFBC}") = "ECommerce.DAL", "..\ECommerce.DAL\ECommerce.DAL.csproj", "{4B810306-3BBD-6932-EC1A-80BD7F275E04}"
EndProject
Project("{FAE04EC0-301F-11D3-BF4B-00C04F79EFBC}") = "ECommerce.Domain", "..\ECommerce.Domain\ECommerce.Domain.csproj", "{9E6CF250-8A87-AC5F-4526-766D30CB5533}"
EndProject
Project("{FAE04EC0-301F-11D3-BF4B-00C04F79EFBC}") = "ECommerce.DTO", "..\ECommerce.DTO\ECommerce.DTO.csproj", "{F56ABBE6-947A-D0A5-A37B-8D5F0CA34FB2}"
EndProject
Project("{FAE04EC0-301F-11D3-BF4B-00C04F79EFBC}") = "ECommerce.Shared", "..\ECommerce.Shared\ECommerce.Shared.csproj", "{0D9301EB-2F72-9F9F-9518-F8704B90AC8B}"
EndProject
Global
	GlobalSection(SolutionConfigurationPlatforms) = preSolution
		Debug|Any CPU = Debug|Any CPU
		Release|Any CPU = Release|Any CPU
	EndGlobalSection
	GlobalSection(ProjectConfigurationPlatforms) = postSolution
		{DA892B79-B095-4B7C-B7F7-E189FBB7AA1C}.Debug|Any CPU.ActiveCfg = Debug|Any CPU
		{DA892B79-B095-4B7C-B7F7-E189FBB7AA1C}.Debug|Any CPU.Build.0 = Debug|Any CPU
		{DA892B79-B095-4B7C-B7F7-E189FBB7AA1C}.Release|Any CPU.ActiveCfg = Release|Any CPU
		{DA892B79-B095-4B7C-B7F7-E189FBB7AA1C}.Release|Any CPU.Build.0 = Release|Any CPU
		{34CDEE31-79E3-0614-BEF5-43DFEDEDB032}.Debug|Any CPU.ActiveCfg = Debug|Any CPU
		{34CDEE31-79E3-0614-BEF5-43DFEDEDB032}.Debug|Any CPU.Build.0 = Debug|Any CPU
		{34CDEE31-79E3-0614-BEF5-43DFEDEDB032}.Release|Any CPU.ActiveCfg = Release|Any CPU
		{34CDEE31-79E3-0614-BEF5-43DFEDEDB032}.Release|Any CPU.Build.0 = Release|Any CPU
		{4B810306-3BBD-6932-EC1A-80BD7F275E04}.Debug|Any CPU.ActiveCfg = Debug|Any CPU
		{4B810306-3BBD-6932-EC1A-80BD7F275E04}.Debug|Any CPU.Build.0 = Debug|Any CPU
		{4B810306-3BBD-6932-EC1A-80BD7F275E04}.Release|Any CPU.ActiveCfg = Release|Any CPU
		{4B810306-3BBD-6932-EC1A-80BD7F275E04}.Release|Any CPU.Build.0 = Release|Any CPU
		{9E6CF250-8A87-AC5F-4526-766D30CB5533}.Debug|Any CPU.ActiveCfg = Debug|Any CPU
		{9E6CF250-8A87-AC5F-4526-766D30CB5533}.Debug|Any CPU.Build.0 = Debug|Any CPU
		{9E6CF250-8A87-AC5F-4526-766D30CB5533}.Release|Any CPU.ActiveCfg = Release|Any CPU
		{9E6CF250-8A87-AC5F-4526-766D30CB5533}.Release|Any CPU.Build.0 = Release|Any CPU
		{F56ABBE6-947A-D0A5-A37B-8D5F0CA34FB2}.Debug|Any CPU.ActiveCfg = Debug|Any CPU
		{F56ABBE6-947A-D0A5-A37B-8D5F0CA34FB2}.Debug|Any CPU.Build.0 = Debug|Any CPU
		{F56ABBE6-947A-D0A5-A37B-8D5F0CA34FB2}.Release|Any CPU.ActiveCfg = Release|Any CPU
		{F56ABBE6-947A-D0A5-A37B-8D5F0CA34FB2}.Release|Any CPU.Build.0 = Release|Any CPU
		{0D9301EB-2F72-9F9F-9518-F8704B90AC8B}.Debug|Any CPU.ActiveCfg = Debug|Any CPU
		{0D9301EB-2F72-9F9F-9518-F8704B90AC8B}.Debug|Any CPU.Build.0 = Debug|Any CPU
		{0D9301EB-2F72-9F9F-9518-F8704B90AC8B}.Release|Any CPU.ActiveCfg = Release|Any CPU
		{0D9301EB-2F72-9F9F-9518-F8704B90AC8B}.Release|Any CPU.Build.0 = Release|Any CPU
	EndGlobalSection
	GlobalSection(SolutionProperties) = preSolution
		HideSolutionNode = FALSE
	EndGlobalSection
	GlobalSection(ExtensibilityGlobals) = postSolution
		SolutionGuid = {C91B48C2-6181-4008-A272-8C6F018FC461}
	EndGlobalSection
EndGlobal
